
Microsoft Visual Studio Solution File, Format Version 12.00
# Visual Studio Version 16
VisualStudioVersion = 16.0.31729.503
MinimumVisualStudioVersion = 10.0.40219.1
Project("{FAE04EC0-301F-11D3-BF4B-00C04F79EFBC}") = "Grafico", "Grafico\Grafico.csproj", "{D21CE7CA-D63C-4111-B4DE-AC5D57CA5BEE}"
EndProject
Global
	GlobalSection(SolutionConfigurationPlatforms) = preSolution
		Debug|Any CPU = Debug|Any CPU
		Release|Any CPU = Release|Any CPU
	EndGlobalSection
	GlobalSection(ProjectConfigurationPlatforms) = postSolution
		{D21CE7CA-D63C-4111-B4DE-AC5D57CA5BEE}.Debug|Any CPU.ActiveCfg = Debug|Any CPU
		{D21CE7CA-D63C-4111-B4DE-AC5D57CA5BEE}.Debug|Any CPU.Build.0 = Debug|Any CPU
		{D21CE7CA-D63C-4111-B4DE-AC5D57CA5BEE}.Release|Any CPU.ActiveCfg = Release|Any CPU
		{D21CE7CA-D63C-4111-B4DE-AC5D57CA5BEE}.Release|Any CPU.Build.0 = Release|Any CPU
	EndGlobalSection
	GlobalSection(SolutionProperties) = preSolution
		HideSolutionNode = FALSE
	EndGlobalSection
	GlobalSection(ExtensibilityGlobals) = postSolution
		SolutionGuid = {8D8809E4-5E0A-43B3-9DB0-54CD9B6C10F6}
	EndGlobalSection
EndGlobal
