
Microsoft Visual Studio Solution File, Format Version 12.00
# Visual Studio Version 16
VisualStudioVersion = 16.0.31005.135
MinimumVisualStudioVersion = 10.0.40219.1
Project("{FAE04EC0-301F-11D3-BF4B-00C04F79EFBC}") = "Calculadora_Rust", "Calculadora_Rust\Calculadora_Rust.csproj", "{EE7E812E-2629-4BDE-BC2D-2F8A44FAAF07}"
EndProject
Global
	GlobalSection(SolutionConfigurationPlatforms) = preSolution
		Debug|Any CPU = Debug|Any CPU
		Release|Any CPU = Release|Any CPU
	EndGlobalSection
	GlobalSection(ProjectConfigurationPlatforms) = postSolution
		{EE7E812E-2629-4BDE-BC2D-2F8A44FAAF07}.Debug|Any CPU.ActiveCfg = Debug|Any CPU
		{EE7E812E-2629-4BDE-BC2D-2F8A44FAAF07}.Debug|Any CPU.Build.0 = Debug|Any CPU
		{EE7E812E-2629-4BDE-BC2D-2F8A44FAAF07}.Release|Any CPU.ActiveCfg = Release|Any CPU
		{EE7E812E-2629-4BDE-BC2D-2F8A44FAAF07}.Release|Any CPU.Build.0 = Release|Any CPU
	EndGlobalSection
	GlobalSection(SolutionProperties) = preSolution
		HideSolutionNode = FALSE
	EndGlobalSection
	GlobalSection(ExtensibilityGlobals) = postSolution
		SolutionGuid = {1685310F-BD28-4B7C-B107-98FBE1B493BB}
	EndGlobalSection
EndGlobal
